github.com/robotn/gohook v0.41.0 h1:h1vK3w/UQpq0YkIiGnxm9Awv85W54esL0/NUYGueggo=
github.com/robotn/gohook v0.41.0/go.mod h1:FedpuAkVqzM5t67L5fcf3hSSCUDO9cM5YkWCw1U+nuc=
github.com/vcaesar/keycode v0.10.1 h1:0DesGmMAPWpYTCYddOFiCMKCDKgNnwiQa2QXindVUHw=
github.com/vcaesar/keycode v0.10.1/go.mod h1:JNlY7xbKsh+LAGfY2j4M3znVrGEm5W1R8s/Uv6BJcfQ=
github.com/vcaesar/tt v0.20.0 h1:9t2Ycb9RNHcP0WgQgIaRKJBB+FrRdejuaL6uWIHuoBA=
